// !$*UTF8*$!
{
	archiveVersion = 1;
	classes = {
	};
	objectVersion = 50;
	objects = {

/* Begin PBXBuildFile section */
		69D62B8524175F6600B1759F /* AppDelegate.m in Sources */ = {isa = PBXBuildFile; fileRef = 69D62B8424175F6600B1759F /* AppDelegate.m */; };
		69D62B8824175F6600B1759F /* SceneDelegate.m in Sources */ = {isa = PBXBuildFile; fileRef = 69D62B8724175F6600B1759F /* SceneDelegate.m */; };
		69D62B8B24175F6600B1759F /* ViewController.m in Sources */ = {isa = PBXBuildFile; fileRef = 69D62B8A24175F6600B1759F /* ViewController.m */; };
		69D62B8E24175F6600B1759F /* Main.storyboard in Resources */ = {isa = PBXBuildFile; fileRef = 69D62B8C24175F6600B1759F /* Main.storyboard */; };
		69D62B9024175F6700B1759F /* Assets.xcassets in Resources */ = {isa = PBXBuildFile; fileRef = 69D62B8F24175F6700B1759F /* Assets.xcassets */; };
		69D62B9324175F6700B1759F /* LaunchScreen.storyboard in Resources */ = {isa = PBXBuildFile; fileRef = 69D62B9124175F6700B1759F /* LaunchScreen.storyboard */; };
		69D62B9624175F6700B1759F /* main.m in Sources */ = {isa = PBXBuildFile; fileRef = 69D62B9524175F6700B1759F /* main.m */; };
		69D62BA224175F8200B1759F /* WNetSpeed.c in Sources */ = {isa = PBXBuildFile; fileRef = 69D62B9F24175F8200B1759F /* WNetSpeed.c */; };
/* End PBXBuildFile section */

/* Begin PBXFileReference section */
		69D62B8024175F6600B1759F /* WNetSpeedSampleiOS.app */ = {isa = PBXFileReference; explicitFileType = wrapper.application; includeInIndex = 0; path = WNetSpeedSampleiOS.app; sourceTree = BUILT_PRODUCTS_DIR; };
		69D62B8324175F6600B1759F /* AppDelegate.h */ = {isa = PBXFileReference; lastKnownFileType = sourcecode.c.h; path = AppDelegate.h; sourceTree = "<group>"; };
		69D62B8424175F6600B1759F /* AppDelegate.m */ = {isa = PBXFileReference; lastKnownFileType = sourcecode.c.objc; path = AppDelegate.m; sourceTree = "<group>"; };
		69D62B8624175F6600B1759F /* SceneDelegate.h */ = {isa = PBXFileReference; lastKnownFileType = sourcecode.c.h; path = SceneDelegate.h; sourceTree = "<group>"; };
		69D62B8724175F6600B1759F /* SceneDelegate.m */ = {isa = PBXFileReference; lastKnownFileType = sourcecode.c.objc; path = SceneDelegate.m; sourceTree = "<group>"; };
		69D62B8924175F6600B1759F /* ViewController.h */ = {isa = PBXFileReference; lastKnownFileType = sourcecode.c.h; path = ViewController.h; sourceTree = "<group>"; };
		69D62B8A24175F6600B1759F /* ViewController.m */ = {isa = PBXFileReference; lastKnownFileType = sourcecode.c.objc; path = ViewController.m; sourceTree = "<group>"; };
		69D62B8D24175F6600B1759F /* Base */ = {isa = PBXFileReference; lastKnownFileType = file.storyboard; name = Base; path = Base.lproj/Main.storyboard; sourceTree = "<group>"; };
		69D62B8F24175F6700B1759F /* Assets.xcassets */ = {isa = PBXFileReference; lastKnownFileType = folder.assetcatalog; path = Assets.xcassets; sourceTree = "<group>"; };
		69D62B9224175F6700B1759F /* Base */ = {isa = PBXFileReference; lastKnownFileType = file.storyboard; name = Base; path = Base.lproj/LaunchScreen.storyboard; sourceTree = "<group>"; };
		69D62B9424175F6700B1759F /* Info.plist */ = {isa = PBXFileReference; lastKnownFileType = text.plist.xml; path = Info.plist; sourceTree = "<group>"; };
		69D62B9524175F6700B1759F /* main.m */ = {isa = PBXFileReference; lastKnownFileType = sourcecode.c.objc; path = main.m; sourceTree = "<group>"; };
		69D62B9E24175F8200B1759F /* WNetSpeed.h */ = {isa = PBXFileReference; fileEncoding = 4; lastKnownFileType = sourcecode.c.h; path = WNetSpeed.h; sourceTree = "<group>"; };
		69D62B9F24175F8200B1759F /* WNetSpeed.c */ = {isa = PBXFileReference; fileEncoding = 4; lastKnownFileType = sourcecode.c.c; path = WNetSpeed.c; sourceTree = "<group>"; };
/* End PBXFileReference section */

/* Begin PBXFrameworksBuildPhase section */
		69D62B7D24175F6600B1759F /* Frameworks */ = {
			isa = PBXFrameworksBuildPhase;
			buildActionMask = 2147483647;
			files = (
			);
			runOnlyForDeploymentPostprocessing = 0;
		};
/* End PBXFrameworksBuildPhase section */

/* Begin PBXGroup section */
		69D62B7724175F6600B1759F = {
			isa = PBXGroup;
			children = (
				69D62B9C24175F8200B1759F /* WNetSpeed */,
				69D62B8224175F6600B1759F /* WNetSpeedSampleiOS */,
				69D62B8124175F6600B1759F /* Products */,
			);
			sourceTree = "<group>";
		};
		69D62B8124175F6600B1759F /* Products */ = {
			isa = PBXGroup;
			children = (
				69D62B8024175F6600B1759F /* WNetSpeedSampleiOS.app */,
			);
			name = Products;
			sourceTree = "<group>";
		};
		69D62B8224175F6600B1759F /* WNetSpeedSampleiOS */ = {
			isa = PBXGroup;
			children = (
				69D62B8324175F6600B1759F /* AppDelegate.h */,
				69D62B8424175F6600B1759F /* AppDelegate.m */,
				69D62B8624175F6600B1759F /* SceneDelegate.h */,
				69D62B8724175F6600B1759F /* SceneDelegate.m */,
				69D62B8924175F6600B1759F /* ViewController.h */,
				69D62B8A24175F6600B1759F /* ViewController.m */,
				69D62B8C24175F6600B1759F /* Main.storyboard */,
				69D62B8F24175F6700B1759F /* Assets.xcassets */,
				69D62B9124175F6700B1759F /* LaunchScreen.storyboard */,
				69D62B9424175F6700B1759F /* Info.plist */,
				69D62B9524175F6700B1759F /* main.m */,
			);
			path = WNetSpeedSampleiOS;
			sourceTree = "<group>";
		};
		69D62B9C24175F8200B1759F /* WNetSpeed */ = {
			isa = PBXGroup;
			children = (
				69D62B9E24175F8200B1759F /* WNetSpeed.h */,
				69D62B9F24175F8200B1759F /* WNetSpeed.c */,
			);
			name = WNetSpeed;
			path = ../../WNetSpeed;
			sourceTree = "<group>";
		};
/* End PBXGroup section */

/* Begin PBXNativeTarget section */
		69D62B7F24175F6600B1759F /* WNetSpeedSampleiOS */ = {
			isa = PBXNativeTarget;
			buildConfigurationList = 69D62B9924175F6700B1759F /* Build configuration list for PBXNativeTarget "WNetSpeedSampleiOS" */;
			buildPhases = (
				69D62B7C24175F6600B1759F /* Sources */,
				69D62B7D24175F6600B1759F /* Frameworks */,
				69D62B7E24175F6600B1759F /* Resources */,
			);
			buildRules = (
			);
			dependencies = (
			);
			name = WNetSpeedSampleiOS;
			productName = WNetSpeedSampleiOS;
			productReference = 69D62B8024175F6600B1759F /* WNetSpeedSampleiOS.app */;
			productType = "com.apple.product-type.application";
		};
/* End PBXNativeTarget section */

/* Begin PBXProject section */
		69D62B7824175F6600B1759F /* Project object */ = {
			isa = PBXProject;
			attributes = {
				LastUpgradeCheck = 1130;
				ORGANIZATIONNAME = Wally;
				TargetAttributes = {
					69D62B7F24175F6600B1759F = {
						CreatedOnToolsVersion = 11.3.1;
					};
				};
			};
			buildConfigurationList = 69D62B7B24175F6600B1759F /* Build configuration list for PBXProject "WNetSpeedSampleiOS" */;
			compatibilityVersion = "Xcode 9.3";
			developmentRegion = en;
			hasScannedForEncodings = 0;
			knownRegions = (
				en,
				Base,
			);
			mainGroup = 69D62B7724175F6600B1759F;
			productRefGroup = 69D62B8124175F6600B1759F /* Products */;
			projectDirPath = "";
			projectRoot = "";
			targets = (
				69D62B7F24175F6600B1759F /* WNetSpeedSampleiOS */,
			);
		};
/* End PBXProject section */

/* Begin PBXResourcesBuildPhase section */
		69D62B7E24175F6600B1759F /* Resources */ = {
			isa = PBXResourcesBuildPhase;
			buildActionMask = 2147483647;
			files = (
				69D62B9324175F6700B1759F /* LaunchScreen.storyboard in Resources */,
				69D62B9024175F6700B1759F /* Assets.xcassets in Resources */,
				69D62B8E24175F6600B1759F /* Main.storyboard in Resources */,
			);
			runOnlyForDeploymentPostprocessing = 0;
		};
/* End PBXResourcesBuildPhase section */

/* Begin PBXSourcesBuildPhase section */
		69D62B7C24175F6600B1759F /* Sources */ = {
			isa = PBXSourcesBuildPhase;
			buildActionMask = 2147483647;
			files = (
				69D62B8B24175F6600B1759F /* ViewController.m in Sources */,
				69D62BA224175F8200B1759F /* WNetSpeed.c in Sources */,
				69D62B8524175F6600B1759F /* AppDelegate.m in Sources */,
				69D62B9624175F6700B1759F /* main.m in Sources */,
				69D62B8824175F6600B1759F /* SceneDelegate.m in Sources */,
			);
			runOnlyForDeploymentPostprocessing = 0;
		};
/* End PBXSourcesBuildPhase section */

/* Begin PBXVariantGroup section */
		69D62B8C24175F6600B1759F /* Main.storyboard */ = {
			isa = PBXVariantGroup;
			children = (
				69D62B8D24175F6600B1759F /* Base */,
			);
			name = Main.storyboard;
			sourceTree = "<group>";
		};
		69D62B9124175F6700B1759F /* LaunchScreen.storyboard */ = {
			isa = PBXVariantGroup;
			children = (
				69D62B9224175F6700B1759F /* Base */,
			);
			name = LaunchScreen.storyboard;
			sourceTree = "<group>";
		};
/* End PBXVariantGroup section */

/* Begin XCBuildConfiguration section */
		69D62B9724175F6700B1759F /* Debug */ = {
			isa = XCBuildConfiguration;
			buildSettings = {
				ALWAYS_SEARCH_USER_PATHS = NO;
				CLANG_ANALYZER_NONNULL = YES;
				CLANG_ANALYZER_NUMBER_OBJECT_CONVERSION = YES_AGGRESSIVE;
				CLANG_CXX_LANGUAGE_STANDARD = "gnu++14";
				CLANG_CXX_LIBRARY = "libc++";
				CLANG_ENABLE_MODULES = YES;
				CLANG_ENABLE_OBJC_ARC = YES;
				CLANG_ENABLE_OBJC_WEAK = YES;
				CLANG_WARN_BLOCK_CAPTURE_AUTORELEASING = YES;
				CLANG_WARN_BOOL_CONVERSION = YES;
				CLANG_WARN_COMMA = YES;
				CLANG_WARN_CONSTANT_CONVERSION = YES;
				CLANG_WARN_DEPRECATED_OBJC_IMPLEMENTATIONS = YES;
				CLANG_WARN_DIRECT_OBJC_ISA_USAGE = YES_ERROR;
				CLANG_WARN_DOCUMENTATION_COMMENTS = YES;
				CLANG_WARN_EMPTY_BODY = YES;
				CLANG_WARN_ENUM_CONVERSION = YES;
				CLANG_WARN_INFINITE_RECURSION = YES;
				CLANG_WARN_INT_CONVERSION = YES;
				CLANG_WARN_NON_LITERAL_NULL_CONVERSION = YES;
				CLANG_WARN_OBJC_IMPLICIT_RETAIN_SELF = YES;
				CLANG_WARN_OBJC_LITERAL_CONVERSION = YES;
				CLANG_WARN_OBJC_ROOT_CLASS = YES_ERROR;
				CLANG_WARN_RANGE_LOOP_ANALYSIS = YES;
				CLANG_WARN_STRICT_PROTOTYPES = YES;
				CLANG_WARN_SUSPICIOUS_MOVE = YES;
				CLANG_WARN_UNGUARDED_AVAILABILITY = YES_AGGRESSIVE;
				CLANG_WARN_UNREACHABLE_CODE = YES;
				CLANG_WARN__DUPLICATE_METHOD_MATCH = YES;
				COPY_PHASE_STRIP = NO;
				DEBUG_INFORMATION_FORMAT = dwarf;
				ENABLE_STRICT_OBJC_MSGSEND = YES;
				ENABLE_TESTABILITY = YES;
				GCC_C_LANGUAGE_STANDARD = gnu11;
				GCC_DYNAMIC_NO_PIC = NO;
				GCC_NO_COMMON_BLOCKS = YES;
				GCC_OPTIMIZATION_LEVEL = 0;
				GCC_PREPROCESSOR_DEFINITIONS = (
					"DEBUG=1",
					"$(inherited)",
				);
				GCC_WARN_64_TO_32_BIT_CONVERSION = YES;
				GCC_WARN_ABOUT_RETURN_TYPE = YES_ERROR;
				GCC_WARN_UNDECLARED_SELECTOR = YES;
				GCC_WARN_UNINITIALIZED_AUTOS = YES_AGGRESSIVE;
				GCC_WARN_UNUSED_FUNCTION = YES;
				GCC_WARN_UNUSED_VARIABLE = YES;
				IPHONEOS_DEPLOYMENT_TARGET = 13.2;
				MTL_ENABLE_DEBUG_INFO = INCLUDE_SOURCE;
				MTL_FAST_MATH = YES;
				ONLY_ACTIVE_ARCH = YES;
				SDKROOT = iphoneos;
			};
			name = Debug;
		};
		69D62B9824175F6700B1759F /* Release */ = {
			isa = XCBuildConfiguration;
			buildSettings = {
				ALWAYS_SEARCH_USER_PATHS = NO;
				CLANG_ANALYZER_NONNULL = YES;
				CLANG_ANALYZER_NUMBER_OBJECT_CONVERSION = YES_AGGRESSIVE;
				CLANG_CXX_LANGUAGE_STANDARD = "gnu++14";
				CLANG_CXX_LIBRARY = "libc++";
				CLANG_ENABLE_MODULES = YES;
				CLANG_ENABLE_OBJC_ARC = YES;
				CLANG_ENABLE_OBJC_WEAK = YES;
				CLANG_WARN_BLOCK_CAPTURE_AUTORELEASING = YES;
				CLANG_WARN_BOOL_CONVERSION = YES;
				CLANG_WARN_COMMA = YES;
				CLANG_WARN_CONSTANT_CONVERSION = YES;
				CLANG_WARN_DEPRECATED_OBJC_IMPLEMENTATIONS = YES;
				CLANG_WARN_DIRECT_OBJC_ISA_USAGE = YES_ERROR;
				CLANG_WARN_DOCUMENTATION_COMMENTS = YES;
				CLANG_WARN_EMPTY_BODY = YES;
				CLANG_WARN_ENUM_CONVERSION = YES;
				CLANG_WARN_INFINITE_RECURSION = YES;
				CLANG_WARN_INT_CONVERSION = YES;
				CLANG_WARN_NON_LITERAL_NULL_CONVERSION = YES;
				CLANG_WARN_OBJC_IMPLICIT_RETAIN_SELF = YES;
				CLANG_WARN_OBJC_LITERAL_CONVERSION = YES;
				CLANG_WARN_OBJC_ROOT_CLASS = YES_ERROR;
				CLANG_WARN_RANGE_LOOP_ANALYSIS = YES;
				CLANG_WARN_STRICT_PROTOTYPES = YES;
				CLANG_WARN_SUSPICIOUS_MOVE = YES;
				CLANG_WARN_UNGUARDED_AVAILABILITY = YES_AGGRESSIVE;
				CLANG_WARN_UNREACHABLE_CODE = YES;
				CLANG_WARN__DUPLICATE_METHOD_MATCH = YES;
				COPY_PHASE_STRIP = NO;
				DEBUG_INFORMATION_FORMAT = "dwarf-with-dsym";
				ENABLE_NS_ASSERTIONS = NO;
				ENABLE_STRICT_OBJC_MSGSEND = YES;
				GCC_C_LANGUAGE_STANDARD = gnu11;
				GCC_NO_COMMON_BLOCKS = YES;
				GCC_WARN_64_TO_32_BIT_CONVERSION = YES;
				GCC_WARN_ABOUT_RETURN_TYPE = YES_ERROR;
				GCC_WARN_UNDECLARED_SELECTOR = YES;
				GCC_WARN_UNINITIALIZED_AUTOS = YES_AGGRESSIVE;
				GCC_WARN_UNUSED_FUNCTION = YES;
				GCC_WARN_UNUSED_VARIABLE = YES;
				IPHONEOS_DEPLOYMENT_TARGET = 13.2;
				MTL_ENABLE_DEBUG_INFO = NO;
				MTL_FAST_MATH = YES;
				SDKROOT = iphoneos;
				VALIDATE_PRODUCT = YES;
			};
			name = Release;
		};
		69D62B9A24175F6700B1759F /* Debug */ = {
			isa = XCBuildConfiguration;
			buildSettings = {
				ASSETCATALOG_COMPILER_APPICON_NAME = AppIcon;
				CODE_SIGN_IDENTITY = "iPhone Developer";
				CODE_SIGN_STYLE = Manual;
				DEVELOPMENT_TEAM = C28WVS2C53;
				INFOPLIST_FILE = WNetSpeedSampleiOS/Info.plist;
				LD_RUNPATH_SEARCH_PATHS = (
					"$(inherited)",
					"@executable_path/Frameworks",
				);
				PRODUCT_BUNDLE_IDENTIFIER = wally.WNetSpeedSample.iOS.WNetSpeedSampleiOS;
				PRODUCT_NAME = "$(TARGET_NAME)";
				PROVISIONING_PROFILE_SPECIFIER = "Enterprise * Development";
				TARGETED_DEVICE_FAMILY = "1,2";
			};
			name = Debug;
		};
		69D62B9B24175F6700B1759F /* Release */ = {
			isa = XCBuildConfiguration;
			buildSettings = {
				ASSETCATALOG_COMPILER_APPICON_NAME = AppIcon;
				CODE_SIGN_IDENTITY = "iPhone Developer";
				CODE_SIGN_STYLE = Manual;
				DEVELOPMENT_TEAM = C28WVS2C53;
				INFOPLIST_FILE = WNetSpeedSampleiOS/Info.plist;
				LD_RUNPATH_SEARCH_PATHS = (
					"$(inherited)",
					"@executable_path/Frameworks",
				);
				PRODUCT_BUNDLE_IDENTIFIER = wally.WNetSpeedSample.iOS.WNetSpeedSampleiOS;
				PRODUCT_NAME = "$(TARGET_NAME)";
				PROVISIONING_PROFILE_SPECIFIER = "Enterprise * Development";
				TARGETED_DEVICE_FAMILY = "1,2";
			};
			name = Release;
		};
/* End XCBuildConfiguration section */

/* Begin XCConfigurationList section */
		69D62B7B24175F6600B1759F /* Build configuration list for PBXProject "WNetSpeedSampleiOS" */ = {
			isa = XCConfigurationList;
			buildConfigurations = (
				69D62B9724175F6700B1759F /* Debug */,
				69D62B9824175F6700B1759F /* Release */,
			);
			defaultConfigurationIsVisible = 0;
			defaultConfigurationName = Release;
		};
		69D62B9924175F6700B1759F /* Build configuration list for PBXNativeTarget "WNetSpeedSampleiOS" */ = {
			isa = XCConfigurationList;
			buildConfigurations = (
				69D62B9A24175F6700B1759F /* Debug */,
				69D62B9B24175F6700B1759F /* Release */,
			);
			defaultConfigurationIsVisible = 0;
			defaultConfigurationName = Release;
		};
/* End XCConfigurationList section */
	};
	rootObject = 69D62B7824175F6600B1759F /* Project object */;
}
